{
  "name": "generator",
  "lockfileVersion": 3,
  "requires": true,
  "packages": {
    "": {
      "dependencies": {
        "gerador": "^0.1.0",
        "gerador-pessoas": "^1.0.5",
        "readline-sync": "^1.4.10"
      }
    },
    "node_modules/gerador": {
      "version": "0.1.0",
      "resolved": "https://registry.npmjs.org/gerador/-/gerador-0.1.0.tgz",
      "integrity": "sha512-saecPWF8K1rJJkHvgrbkb+jDl3VWu830jNQkOYk7eyz7k79YykNIjA0fHM03u92E1iDTTietV4bCvuoAhQxFWg==",
      "dependencies": {
        "gerador-estado-civil": "0.0.6",
        "gerador-nome": "0.0.5",
        "gerador-placa-veiculo": "0.0.2",
        "gerador-sexo": "0.0.5"
      },
      "engines": {
        "node": ">=10"
      }
    },
    "node_modules/gerador-estado-civil": {
      "version": "0.0.6",
      "resolved": "https://registry.npmjs.org/gerador-estado-civil/-/gerador-estado-civil-0.0.6.tgz",
      "integrity": "sha512-IQed6yfnOCv/uH3KaME3kKrJIOA3yTmkpIbQM1v1J32g8gObOl1tprW1kVsMlrTWL3Lgvt28N8x8EVkzX1V9PQ==",
      "dependencies": {
        "unique-random-array": "2.0.0"
      },
      "engines": {
        "node": ">=10"
      }
    },
    "node_modules/gerador-nome": {
      "version": "0.0.5",
      "resolved": "https://registry.npmjs.org/gerador-nome/-/gerador-nome-0.0.5.tgz",
      "integrity": "sha512-L6sIz/ox97DY7yEFTNpSVELXErpteJxMUjaPqHeIomAiNhwNeNFCbKqDtBl+VCGcWKiHiYJKAmlzlc+C+Sy+dQ==",
      "dependencies": {
        "unique-random-array": "2.0.0"
      },
      "engines": {
        "node": ">=10"
      }
    },
    "node_modules/gerador-pessoas": {
      "version": "1.0.5",
      "resolved": "https://registry.npmjs.org/gerador-pessoas/-/gerador-pessoas-1.0.5.tgz",
      "integrity": "sha512-iSQVt+a6Nwgg0JFpiV8bIP0tACEwWXSoQmEbyJrcewnmTukotFzVJUDs0ArFd5l1ZUm8bV4b2hIcsX5k+5sAtQ=="
    },
    "node_modules/gerador-placa-veiculo": {
      "version": "0.0.2",
      "resolved": "https://registry.npmjs.org/gerador-placa-veiculo/-/gerador-placa-veiculo-0.0.2.tgz",
      "integrity": "sha512-nILveDOU5Bjrx6H98W8v6DkIA5S1aGC73HJbCp8XgY+34Wkc3HN+aIovcCfcjXaisVO9YRhysAOAYW4YmnsRXQ==",
      "dependencies": {
        "unique-random-array": "2.0.0"
      },
      "engines": {
        "node": ">=10"
      }
    },
    "node_modules/gerador-sexo": {
      "version": "0.0.5",
      "resolved": "https://registry.npmjs.org/gerador-sexo/-/gerador-sexo-0.0.5.tgz",
      "integrity": "sha512-YxdIlaScSLM2y8xX9wIZQaKg+p7UTXuOLcf4nFlV+BW4fQ5+a3lMnIuurnDF5ZWyHCxFO+3KzXFJlad6fBBKFw==",
      "dependencies": {
        "unique-random-array": "2.0.0"
      },
      "engines": {
        "node": ">=10"
      }
    },
    "node_modules/readline-sync": {
      "version": "1.4.10",
      "resolved": "https://registry.npmjs.org/readline-sync/-/readline-sync-1.4.10.tgz",
      "integrity": "sha512-gNva8/6UAe8QYepIQH/jQ2qn91Qj0B9sYjMBBs3QOB8F2CXcKgLxQaJRP76sWVRQt+QU+8fAkCbCvjjMFu7Ycw==",
      "engines": {
        "node": ">= 0.8.0"
      }
    },
    "node_modules/unique-random": {
      "version": "2.1.0",
      "resolved": "https://registry.npmjs.org/unique-random/-/unique-random-2.1.0.tgz",
      "integrity": "sha512-iQ1ZgWac3b8YxGThecQFRQiqgk6xFERRwHZIWeVVsqlbmgCRl0PY13R4mUkodNgctmg5b5odG1nyW/IbOxQTqg==",
      "engines": {
        "node": ">=6"
      }
    },
    "node_modules/unique-random-array": {
      "version": "2.0.0",
      "resolved": "https://registry.npmjs.org/unique-random-array/-/unique-random-array-2.0.0.tgz",
      "integrity": "sha512-xR87O95fZ7hljw84J8r1YDXrvffPLWN513BNOP4Bv0KcgG5dyEUrHwsvP7mVAOKg4Y80uqRbpUk0GKr8il70qg==",
      "dependencies": {
        "unique-random": "^2.1.0"
      },
      "engines": {
        "node": ">=8"
      }
    }
  }
}
